
Microsoft Visual Studio Solution File, Format Version 12.00
# Visual Studio Version 16
VisualStudioVersion = 16.0.31205.134
MinimumVisualStudioVersion = 10.0.40219.1
Project("{FAE04EC0-301F-11D3-BF4B-00C04F79EFBC}") = "TestAzureConsole", "TestAzureConsole\TestAzureConsole.csproj", "{FD750B60-0EA3-47E1-89D5-7B3A1E99B313}"
EndProject
Project("{FAE04EC0-301F-11D3-BF4B-00C04F79EFBC}") = "TestAzureReciever", "TestAzureConsoleReciever\TestAzureReciever.csproj", "{910C147C-2D97-472D-8D0C-498AD7BDB985}"
EndProject
Global
	GlobalSection(SolutionConfigurationPlatforms) = preSolution
		Debug|Any CPU = Debug|Any CPU
		Release|Any CPU = Release|Any CPU
	EndGlobalSection
	GlobalSection(ProjectConfigurationPlatforms) = postSolution
		{FD750B60-0EA3-47E1-89D5-7B3A1E99B313}.Debug|Any CPU.ActiveCfg = Debug|Any CPU
		{FD750B60-0EA3-47E1-89D5-7B3A1E99B313}.Debug|Any CPU.Build.0 = Debug|Any CPU
		{FD750B60-0EA3-47E1-89D5-7B3A1E99B313}.Release|Any CPU.ActiveCfg = Release|Any CPU
		{FD750B60-0EA3-47E1-89D5-7B3A1E99B313}.Release|Any CPU.Build.0 = Release|Any CPU
		{910C147C-2D97-472D-8D0C-498AD7BDB985}.Debug|Any CPU.ActiveCfg = Debug|Any CPU
		{910C147C-2D97-472D-8D0C-498AD7BDB985}.Debug|Any CPU.Build.0 = Debug|Any CPU
		{910C147C-2D97-472D-8D0C-498AD7BDB985}.Release|Any CPU.ActiveCfg = Release|Any CPU
		{910C147C-2D97-472D-8D0C-498AD7BDB985}.Release|Any CPU.Build.0 = Release|Any CPU
	EndGlobalSection
	GlobalSection(SolutionProperties) = preSolution
		HideSolutionNode = FALSE
	EndGlobalSection
	GlobalSection(ExtensibilityGlobals) = postSolution
		SolutionGuid = {7A606355-308F-49EC-BCB8-4B9718B57088}
	EndGlobalSection
EndGlobal
